// !$*UTF8*$!
{
	archiveVersion = 1;
	classes = {
	};
	objectVersion = 56;
	objects = {

/* Begin PBXBuildFile section */
		7237A77E2A0FF7E100E53EF2 /* CircleGroupView.swift in Sources */ = {isa = PBXBuildFile; fileRef = 7237A77D2A0FF7E100E53EF2 /* CircleGroupView.swift */; };
		7281E0622A0EB2FE00A865ED /* RestartApp.swift in Sources */ = {isa = PBXBuildFile; fileRef = 7281E0612A0EB2FE00A865ED /* RestartApp.swift */; };
		7281E0642A0EB2FE00A865ED /* ContentView.swift in Sources */ = {isa = PBXBuildFile; fileRef = 7281E0632A0EB2FE00A865ED /* ContentView.swift */; };
		7281E0662A0EB2FF00A865ED /* Assets.xcassets in Resources */ = {isa = PBXBuildFile; fileRef = 7281E0652A0EB2FF00A865ED /* Assets.xcassets */; };
		7281E0692A0EB2FF00A865ED /* Preview Assets.xcassets in Resources */ = {isa = PBXBuildFile; fileRef = 7281E0682A0EB2FF00A865ED /* Preview Assets.xcassets */; };
		7281E0712A0EB3A100A865ED /* success.m4a in Resources */ = {isa = PBXBuildFile; fileRef = 7281E06F2A0EB3A100A865ED /* success.m4a */; };
		7281E0722A0EB3A100A865ED /* chimeup.mp3 in Resources */ = {isa = PBXBuildFile; fileRef = 7281E0702A0EB3A100A865ED /* chimeup.mp3 */; };
		7281E0792A0EB87600A865ED /* OnboardingView.swift in Sources */ = {isa = PBXBuildFile; fileRef = 7281E0782A0EB87600A865ED /* OnboardingView.swift */; };
		7281E07B2A0EB88100A865ED /* HomeView.swift in Sources */ = {isa = PBXBuildFile; fileRef = 7281E07A2A0EB88100A865ED /* HomeView.swift */; };
		72EDD1F52A101FF200DFB61C /* AudioPlayer.swift in Sources */ = {isa = PBXBuildFile; fileRef = 72EDD1F42A101FF200DFB61C /* AudioPlayer.swift */; };
/* End PBXBuildFile section */

/* Begin PBXFileReference section */
		7237A77D2A0FF7E100E53EF2 /* CircleGroupView.swift */ = {isa = PBXFileReference; lastKnownFileType = sourcecode.swift; path = CircleGroupView.swift; sourceTree = "<group>"; };
		7281E05E2A0EB2FE00A865ED /* Restart.app */ = {isa = PBXFileReference; explicitFileType = wrapper.application; includeInIndex = 0; path = Restart.app; sourceTree = BUILT_PRODUCTS_DIR; };
		7281E0612A0EB2FE00A865ED /* RestartApp.swift */ = {isa = PBXFileReference; lastKnownFileType = sourcecode.swift; path = RestartApp.swift; sourceTree = "<group>"; };
		7281E0632A0EB2FE00A865ED /* ContentView.swift */ = {isa = PBXFileReference; lastKnownFileType = sourcecode.swift; path = ContentView.swift; sourceTree = "<group>"; };
		7281E0652A0EB2FF00A865ED /* Assets.xcassets */ = {isa = PBXFileReference; lastKnownFileType = folder.assetcatalog; path = Assets.xcassets; sourceTree = "<group>"; };
		7281E0682A0EB2FF00A865ED /* Preview Assets.xcassets */ = {isa = PBXFileReference; lastKnownFileType = folder.assetcatalog; path = "Preview Assets.xcassets"; sourceTree = "<group>"; };
		7281E06F2A0EB3A100A865ED /* success.m4a */ = {isa = PBXFileReference; lastKnownFileType = file; path = success.m4a; sourceTree = "<group>"; };
		7281E0702A0EB3A100A865ED /* chimeup.mp3 */ = {isa = PBXFileReference; lastKnownFileType = audio.mp3; path = chimeup.mp3; sourceTree = "<group>"; };
		7281E0772A0EB60E00A865ED /* Info.plist */ = {isa = PBXFileReference; lastKnownFileType = text.plist; path = Info.plist; sourceTree = "<group>"; };
		7281E0782A0EB87600A865ED /* OnboardingView.swift */ = {isa = PBXFileReference; lastKnownFileType = sourcecode.swift; path = OnboardingView.swift; sourceTree = "<group>"; };
		7281E07A2A0EB88100A865ED /* HomeView.swift */ = {isa = PBXFileReference; lastKnownFileType = sourcecode.swift; path = HomeView.swift; sourceTree = "<group>"; };
		72EDD1F42A101FF200DFB61C /* AudioPlayer.swift */ = {isa = PBXFileReference; lastKnownFileType = sourcecode.swift; path = AudioPlayer.swift; sourceTree = "<group>"; };
/* End PBXFileReference section */

/* Begin PBXFrameworksBuildPhase section */
		7281E05B2A0EB2FE00A865ED /* Frameworks */ = {
			isa = PBXFrameworksBuildPhase;
			buildActionMask = 2147483647;
			files = (
			);
			runOnlyForDeploymentPostprocessing = 0;
		};
/* End PBXFrameworksBuildPhase section */

/* Begin PBXGroup section */
		7281E0552A0EB2FE00A865ED = {
			isa = PBXGroup;
			children = (
				7281E0602A0EB2FE00A865ED /* Restart */,
				7281E05F2A0EB2FE00A865ED /* Products */,
			);
			sourceTree = "<group>";
		};
		7281E05F2A0EB2FE00A865ED /* Products */ = {
			isa = PBXGroup;
			children = (
				7281E05E2A0EB2FE00A865ED /* Restart.app */,
			);
			name = Products;
			sourceTree = "<group>";
		};
		7281E0602A0EB2FE00A865ED /* Restart */ = {
			isa = PBXGroup;
			children = (
				7281E0772A0EB60E00A865ED /* Info.plist */,
				7281E0612A0EB2FE00A865ED /* RestartApp.swift */,
				7281E0752A0EB4D200A865ED /* Views */,
				7281E0742A0EB4C300A865ED /* Screens */,
				7281E0732A0EB3C000A865ED /* Sounds */,
				7281E0762A0EB4EE00A865ED /* Utilities */,
				7281E0652A0EB2FF00A865ED /* Assets.xcassets */,
				7281E0672A0EB2FF00A865ED /* Preview Content */,
			);
			path = Restart;
			sourceTree = "<group>";
		};
		7281E0672A0EB2FF00A865ED /* Preview Content */ = {
			isa = PBXGroup;
			children = (
				7281E0682A0EB2FF00A865ED /* Preview Assets.xcassets */,
			);
			path = "Preview Content";
			sourceTree = "<group>";
		};
		7281E0732A0EB3C000A865ED /* Sounds */ = {
			isa = PBXGroup;
			children = (
				7281E0702A0EB3A100A865ED /* chimeup.mp3 */,
				7281E06F2A0EB3A100A865ED /* success.m4a */,
			);
			path = Sounds;
			sourceTree = "<group>";
		};
		7281E0742A0EB4C300A865ED /* Screens */ = {
			isa = PBXGroup;
			children = (
				7281E0632A0EB2FE00A865ED /* ContentView.swift */,
				7281E0782A0EB87600A865ED /* OnboardingView.swift */,
				7281E07A2A0EB88100A865ED /* HomeView.swift */,
			);
			path = Screens;
			sourceTree = "<group>";
		};
		7281E0752A0EB4D200A865ED /* Views */ = {
			isa = PBXGroup;
			children = (
				7237A77D2A0FF7E100E53EF2 /* CircleGroupView.swift */,
			);
			path = Views;
			sourceTree = "<group>";
		};
		7281E0762A0EB4EE00A865ED /* Utilities */ = {
			isa = PBXGroup;
			children = (
				72EDD1F42A101FF200DFB61C /* AudioPlayer.swift */,
			);
			path = Utilities;
			sourceTree = "<group>";
		};
/* End PBXGroup section */

/* Begin PBXNativeTarget section */
		7281E05D2A0EB2FE00A865ED /* Restart */ = {
			isa = PBXNativeTarget;
			buildConfigurationList = 7281E06C2A0EB2FF00A865ED /* Build configuration list for PBXNativeTarget "Restart" */;
			buildPhases = (
				7281E05A2A0EB2FE00A865ED /* Sources */,
				7281E05B2A0EB2FE00A865ED /* Frameworks */,
				7281E05C2A0EB2FE00A865ED /* Resources */,
			);
			buildRules = (
			);
			dependencies = (
			);
			name = Restart;
			productName = Restart;
			productReference = 7281E05E2A0EB2FE00A865ED /* Restart.app */;
			productType = "com.apple.product-type.application";
		};
/* End PBXNativeTarget section */

/* Begin PBXProject section */
		7281E0562A0EB2FE00A865ED /* Project object */ = {
			isa = PBXProject;
			attributes = {
				BuildIndependentTargetsInParallel = 1;
				LastSwiftUpdateCheck = 1500;
				LastUpgradeCheck = 1500;
				TargetAttributes = {
					7281E05D2A0EB2FE00A865ED = {
						CreatedOnToolsVersion = 15.0;
					};
				};
			};
			buildConfigurationList = 7281E0592A0EB2FE00A865ED /* Build configuration list for PBXProject "Restart" */;
			compatibilityVersion = "Xcode 14.0";
			developmentRegion = en;
			hasScannedForEncodings = 0;
			knownRegions = (
				en,
				Base,
			);
			mainGroup = 7281E0552A0EB2FE00A865ED;
			productRefGroup = 7281E05F2A0EB2FE00A865ED /* Products */;
			projectDirPath = "";
			projectRoot = "";
			targets = (
				7281E05D2A0EB2FE00A865ED /* Restart */,
			);
		};
/* End PBXProject section */

/* Begin PBXResourcesBuildPhase section */
		7281E05C2A0EB2FE00A865ED /* Resources */ = {
			isa = PBXResourcesBuildPhase;
			buildActionMask = 2147483647;
			files = (
				7281E0722A0EB3A100A865ED /* chimeup.mp3 in Resources */,
				7281E0692A0EB2FF00A865ED /* Preview Assets.xcassets in Resources */,
				7281E0712A0EB3A100A865ED /* success.m4a in Resources */,
				7281E0662A0EB2FF00A865ED /* Assets.xcassets in Resources */,
			);
			runOnlyForDeploymentPostprocessing = 0;
		};
/* End PBXResourcesBuildPhase section */

/* Begin PBXSourcesBuildPhase section */
		7281E05A2A0EB2FE00A865ED /* Sources */ = {
			isa = PBXSourcesBuildPhase;
			buildActionMask = 2147483647;
			files = (
				7237A77E2A0FF7E100E53EF2 /* CircleGroupView.swift in Sources */,
				7281E0792A0EB87600A865ED /* OnboardingView.swift in Sources */,
				7281E07B2A0EB88100A865ED /* HomeView.swift in Sources */,
				7281E0642A0EB2FE00A865ED /* ContentView.swift in Sources */,
				7281E0622A0EB2FE00A865ED /* RestartApp.swift in Sources */,
				72EDD1F52A101FF200DFB61C /* AudioPlayer.swift in Sources */,
			);
			runOnlyForDeploymentPostprocessing = 0;
		};
/* End PBXSourcesBuildPhase section */

/* Begin XCBuildConfiguration section */
		7281E06A2A0EB2FF00A865ED /* Debug */ = {
			isa = XCBuildConfiguration;
			buildSettings = {
				ALWAYS_SEARCH_USER_PATHS = NO;
				CLANG_ANALYZER_NONNULL = YES;
				CLANG_ANALYZER_NUMBER_OBJECT_CONVERSION = YES_AGGRESSIVE;
				CLANG_CXX_LANGUAGE_STANDARD = "gnu++20";
				CLANG_ENABLE_MODULES = YES;
				CLANG_ENABLE_OBJC_ARC = YES;
				CLANG_ENABLE_OBJC_WEAK = YES;
				CLANG_WARN_BLOCK_CAPTURE_AUTORELEASING = YES;
				CLANG_WARN_BOOL_CONVERSION = YES;
				CLANG_WARN_COMMA = YES;
				CLANG_WARN_CONSTANT_CONVERSION = YES;
				CLANG_WARN_DEPRECATED_OBJC_IMPLEMENTATIONS = YES;
				CLANG_WARN_DIRECT_OBJC_ISA_USAGE = YES_ERROR;
				CLANG_WARN_DOCUMENTATION_COMMENTS = YES;
				CLANG_WARN_EMPTY_BODY = YES;
				CLANG_WARN_ENUM_CONVERSION = YES;
				CLANG_WARN_INFINITE_RECURSION = YES;
				CLANG_WARN_INT_CONVERSION = YES;
				CLANG_WARN_NON_LITERAL_NULL_CONVERSION = YES;
				CLANG_WARN_OBJC_IMPLICIT_RETAIN_SELF = YES;
				CLANG_WARN_OBJC_LITERAL_CONVERSION = YES;
				CLANG_WARN_OBJC_ROOT_CLASS = YES_ERROR;
				CLANG_WARN_QUOTED_INCLUDE_IN_FRAMEWORK_HEADER = YES;
				CLANG_WARN_RANGE_LOOP_ANALYSIS = YES;
				CLANG_WARN_STRICT_PROTOTYPES = YES;
				CLANG_WARN_SUSPICIOUS_MOVE = YES;
				CLANG_WARN_UNGUARDED_AVAILABILITY = YES_AGGRESSIVE;
				CLANG_WARN_UNREACHABLE_CODE = YES;
				CLANG_WARN__DUPLICATE_METHOD_MATCH = YES;
				COPY_PHASE_STRIP = NO;
				DEBUG_INFORMATION_FORMAT = dwarf;
				ENABLE_STRICT_OBJC_MSGSEND = YES;
				ENABLE_TESTABILITY = YES;
				ENABLE_USER_SCRIPT_SANDBOXING = YES;
				GCC_C_LANGUAGE_STANDARD = gnu11;
				GCC_DYNAMIC_NO_PIC = NO;
				GCC_NO_COMMON_BLOCKS = YES;
				GCC_OPTIMIZATION_LEVEL = 0;
				GCC_PREPROCESSOR_DEFINITIONS = (
					"DEBUG=1",
					"$(inherited)",
				);
				GCC_WARN_64_TO_32_BIT_CONVERSION = YES;
				GCC_WARN_ABOUT_RETURN_TYPE = YES_ERROR;
				GCC_WARN_UNDECLARED_SELECTOR = YES;
				GCC_WARN_UNINITIALIZED_AUTOS = YES_AGGRESSIVE;
				GCC_WARN_UNUSED_FUNCTION = YES;
				GCC_WARN_UNUSED_VARIABLE = YES;
				IPHONEOS_DEPLOYMENT_TARGET = 17.0;
				MTL_ENABLE_DEBUG_INFO = INCLUDE_SOURCE;
				MTL_FAST_MATH = YES;
				ONLY_ACTIVE_ARCH = YES;
				SDKROOT = iphoneos;
				SWIFT_ACTIVE_COMPILATION_CONDITIONS = DEBUG;
				SWIFT_OPTIMIZATION_LEVEL = "-Onone";
			};
			name = Debug;
		};
		7281E06B2A0EB2FF00A865ED /* Release */ = {
			isa = XCBuildConfiguration;
			buildSettings = {
				ALWAYS_SEARCH_USER_PATHS = NO;
				CLANG_ANALYZER_NONNULL = YES;
				CLANG_ANALYZER_NUMBER_OBJECT_CONVERSION = YES_AGGRESSIVE;
				CLANG_CXX_LANGUAGE_STANDARD = "gnu++20";
				CLANG_ENABLE_MODULES = YES;
				CLANG_ENABLE_OBJC_ARC = YES;
				CLANG_ENABLE_OBJC_WEAK = YES;
				CLANG_WARN_BLOCK_CAPTURE_AUTORELEASING = YES;
				CLANG_WARN_BOOL_CONVERSION = YES;
				CLANG_WARN_COMMA = YES;
				CLANG_WARN_CONSTANT_CONVERSION = YES;
				CLANG_WARN_DEPRECATED_OBJC_IMPLEMENTATIONS = YES;
				CLANG_WARN_DIRECT_OBJC_ISA_USAGE = YES_ERROR;
				CLANG_WARN_DOCUMENTATION_COMMENTS = YES;
				CLANG_WARN_EMPTY_BODY = YES;
				CLANG_WARN_ENUM_CONVERSION = YES;
				CLANG_WARN_INFINITE_RECURSION = YES;
				CLANG_WARN_INT_CONVERSION = YES;
				CLANG_WARN_NON_LITERAL_NULL_CONVERSION = YES;
				CLANG_WARN_OBJC_IMPLICIT_RETAIN_SELF = YES;
				CLANG_WARN_OBJC_LITERAL_CONVERSION = YES;
				CLANG_WARN_OBJC_ROOT_CLASS = YES_ERROR;
				CLANG_WARN_QUOTED_INCLUDE_IN_FRAMEWORK_HEADER = YES;
				CLANG_WARN_RANGE_LOOP_ANALYSIS = YES;
				CLANG_WARN_STRICT_PROTOTYPES = YES;
				CLANG_WARN_SUSPICIOUS_MOVE = YES;
				CLANG_WARN_UNGUARDED_AVAILABILITY = YES_AGGRESSIVE;
				CLANG_WARN_UNREACHABLE_CODE = YES;
				CLANG_WARN__DUPLICATE_METHOD_MATCH = YES;
				COPY_PHASE_STRIP = NO;
				DEBUG_INFORMATION_FORMAT = "dwarf-with-dsym";
				ENABLE_NS_ASSERTIONS = NO;
				ENABLE_STRICT_OBJC_MSGSEND = YES;
				ENABLE_USER_SCRIPT_SANDBOXING = YES;
				GCC_C_LANGUAGE_STANDARD = gnu11;
				GCC_NO_COMMON_BLOCKS = YES;
				GCC_WARN_64_TO_32_BIT_CONVERSION = YES;
				GCC_WARN_ABOUT_RETURN_TYPE = YES_ERROR;
				GCC_WARN_UNDECLARED_SELECTOR = YES;
				GCC_WARN_UNINITIALIZED_AUTOS = YES_AGGRESSIVE;
				GCC_WARN_UNUSED_FUNCTION = YES;
				GCC_WARN_UNUSED_VARIABLE = YES;
				IPHONEOS_DEPLOYMENT_TARGET = 17.0;
				MTL_ENABLE_DEBUG_INFO = NO;
				MTL_FAST_MATH = YES;
				SDKROOT = iphoneos;
				SWIFT_COMPILATION_MODE = wholemodule;
				SWIFT_OPTIMIZATION_LEVEL = "-O";
				VALIDATE_PRODUCT = YES;
			};
			name = Release;
		};
		7281E06D2A0EB2FF00A865ED /* Debug */ = {
			isa = XCBuildConfiguration;
			buildSettings = {
				ASSETCATALOG_COMPILER_APPICON_NAME = AppIcon;
				ASSETCATALOG_COMPILER_GLOBAL_ACCENT_COLOR_NAME = AccentColor;
				CODE_SIGN_STYLE = Automatic;
				CURRENT_PROJECT_VERSION = 1;
				DEVELOPMENT_ASSET_PATHS = "\"Restart/Preview Content\"";
				DEVELOPMENT_TEAM = 3TZ48YZ6N3;
				ENABLE_PREVIEWS = YES;
				GENERATE_INFOPLIST_FILE = YES;
				INFOPLIST_FILE = Restart/Info.plist;
				INFOPLIST_KEY_UIApplicationSceneManifest_Generation = YES;
				INFOPLIST_KEY_UIApplicationSupportsIndirectInputEvents = YES;
				INFOPLIST_KEY_UISupportedInterfaceOrientations = UIInterfaceOrientationPortrait;
				LD_RUNPATH_SEARCH_PATHS = (
					"$(inherited)",
					"@executable_path/Frameworks",
				);
				MARKETING_VERSION = 1.0;
				PRODUCT_BUNDLE_IDENTIFIER = com.nataliealvarez.Restart;
				PRODUCT_NAME = "$(TARGET_NAME)";
				SWIFT_EMIT_LOC_STRINGS = YES;
				SWIFT_VERSION = 5.0;
				TARGETED_DEVICE_FAMILY = "1,2";
			};
			name = Debug;
		};
		7281E06E2A0EB2FF00A865ED /* Release */ = {
			isa = XCBuildConfiguration;
			buildSettings = {
				ASSETCATALOG_COMPILER_APPICON_NAME = AppIcon;
				ASSETCATALOG_COMPILER_GLOBAL_ACCENT_COLOR_NAME = AccentColor;
				CODE_SIGN_STYLE = Automatic;
				CURRENT_PROJECT_VERSION = 1;
				DEVELOPMENT_ASSET_PATHS = "\"Restart/Preview Content\"";
				DEVELOPMENT_TEAM = 3TZ48YZ6N3;
				ENABLE_PREVIEWS = YES;
				GENERATE_INFOPLIST_FILE = YES;
				INFOPLIST_FILE = Restart/Info.plist;
				INFOPLIST_KEY_UIApplicationSceneManifest_Generation = YES;
				INFOPLIST_KEY_UIApplicationSupportsIndirectInputEvents = YES;
				INFOPLIST_KEY_UISupportedInterfaceOrientations = UIInterfaceOrientationPortrait;
				LD_RUNPATH_SEARCH_PATHS = (
					"$(inherited)",
					"@executable_path/Frameworks",
				);
				MARKETING_VERSION = 1.0;
				PRODUCT_BUNDLE_IDENTIFIER = com.nataliealvarez.Restart;
				PRODUCT_NAME = "$(TARGET_NAME)";
				SWIFT_EMIT_LOC_STRINGS = YES;
				SWIFT_VERSION = 5.0;
				TARGETED_DEVICE_FAMILY = "1,2";
			};
			name = Release;
		};
/* End XCBuildConfiguration section */

/* Begin XCConfigurationList section */
		7281E0592A0EB2FE00A865ED /* Build configuration list for PBXProject "Restart" */ = {
			isa = XCConfigurationList;
			buildConfigurations = (
				7281E06A2A0EB2FF00A865ED /* Debug */,
				7281E06B2A0EB2FF00A865ED /* Release */,
			);
			defaultConfigurationIsVisible = 0;
			defaultConfigurationName = Release;
		};
		7281E06C2A0EB2FF00A865ED /* Build configuration list for PBXNativeTarget "Restart" */ = {
			isa = XCConfigurationList;
			buildConfigurations = (
				7281E06D2A0EB2FF00A865ED /* Debug */,
				7281E06E2A0EB2FF00A865ED /* Release */,
			);
			defaultConfigurationIsVisible = 0;
			defaultConfigurationName = Release;
		};
/* End XCConfigurationList section */
	};
	rootObject = 7281E0562A0EB2FE00A865ED /* Project object */;
}
