// !$*UTF8*$!
{
	archiveVersion = 1;
	classes = {
	};
	objectVersion = 56;
	objects = {

/* Begin PBXBuildFile section */
		722AD3F22A19808000E74D3E /* FruitDetailView.swift in Sources */ = {isa = PBXBuildFile; fileRef = 722AD3F12A19808000E74D3E /* FruitDetailView.swift */; };
		722AD3F42A1981FD00E74D3E /* FruitHeaderView.swift in Sources */ = {isa = PBXBuildFile; fileRef = 722AD3F32A1981FD00E74D3E /* FruitHeaderView.swift */; };
		722AD3F62A19840600E74D3E /* SourceLinkView.swift in Sources */ = {isa = PBXBuildFile; fileRef = 722AD3F52A19840600E74D3E /* SourceLinkView.swift */; };
		722AD3F92A19854F00E74D3E /* FruitNutrientsView.swift in Sources */ = {isa = PBXBuildFile; fileRef = 722AD3F82A19854F00E74D3E /* FruitNutrientsView.swift */; };
		722AD3FB2A198A9700E74D3E /* SettingsView.swift in Sources */ = {isa = PBXBuildFile; fileRef = 722AD3FA2A198A9700E74D3E /* SettingsView.swift */; };
		722AD3FD2A198CC600E74D3E /* SettingsLabelView.swift in Sources */ = {isa = PBXBuildFile; fileRef = 722AD3FC2A198CC600E74D3E /* SettingsLabelView.swift */; };
		722AD3FF2A1990FD00E74D3E /* SettingsRowView.swift in Sources */ = {isa = PBXBuildFile; fileRef = 722AD3FE2A1990FD00E74D3E /* SettingsRowView.swift */; };
		722AD4012A1995A500E74D3E /* SettingsCustomizationView.swift in Sources */ = {isa = PBXBuildFile; fileRef = 722AD4002A1995A500E74D3E /* SettingsCustomizationView.swift */; };
		722AD4052A19982000E74D3E /* SettingsLogoView.swift in Sources */ = {isa = PBXBuildFile; fileRef = 722AD4042A19982000E74D3E /* SettingsLogoView.swift */; };
		722AD4072A19984100E74D3E /* SettingsDeveloperView.swift in Sources */ = {isa = PBXBuildFile; fileRef = 722AD4062A19984100E74D3E /* SettingsDeveloperView.swift */; };
		724780512A15B0A80071747C /* FructusApp.swift in Sources */ = {isa = PBXBuildFile; fileRef = 724780502A15B0A80071747C /* FructusApp.swift */; };
		724780532A15B0A80071747C /* FruitContentView.swift in Sources */ = {isa = PBXBuildFile; fileRef = 724780522A15B0A80071747C /* FruitContentView.swift */; };
		724780552A15B0AA0071747C /* Assets.xcassets in Resources */ = {isa = PBXBuildFile; fileRef = 724780542A15B0AA0071747C /* Assets.xcassets */; };
		724780582A15B0AA0071747C /* Preview Assets.xcassets in Resources */ = {isa = PBXBuildFile; fileRef = 724780572A15B0AA0071747C /* Preview Assets.xcassets */; };
		724780612A15B2E60071747C /* FruitCardView.swift in Sources */ = {isa = PBXBuildFile; fileRef = 724780602A15B2E60071747C /* FruitCardView.swift */; };
		724780632A15B4490071747C /* StartButtonView.swift in Sources */ = {isa = PBXBuildFile; fileRef = 724780622A15B4490071747C /* StartButtonView.swift */; };
		724780652A15B5640071747C /* OnboardingView.swift in Sources */ = {isa = PBXBuildFile; fileRef = 724780642A15B5640071747C /* OnboardingView.swift */; };
		7247806A2A15B6020071747C /* FruitsModel.swift in Sources */ = {isa = PBXBuildFile; fileRef = 724780692A15B6020071747C /* FruitsModel.swift */; };
		7247806F2A15B6D70071747C /* FruitsData.swift in Sources */ = {isa = PBXBuildFile; fileRef = 7247806E2A15B6D70071747C /* FruitsData.swift */; };
		724780712A15B8E30071747C /* FruitRowView.swift in Sources */ = {isa = PBXBuildFile; fileRef = 724780702A15B8E30071747C /* FruitRowView.swift */; };
/* End PBXBuildFile section */

/* Begin PBXFileReference section */
		722AD3F12A19808000E74D3E /* FruitDetailView.swift */ = {isa = PBXFileReference; lastKnownFileType = sourcecode.swift; path = FruitDetailView.swift; sourceTree = "<group>"; };
		722AD3F32A1981FD00E74D3E /* FruitHeaderView.swift */ = {isa = PBXFileReference; lastKnownFileType = sourcecode.swift; path = FruitHeaderView.swift; sourceTree = "<group>"; };
		722AD3F52A19840600E74D3E /* SourceLinkView.swift */ = {isa = PBXFileReference; lastKnownFileType = sourcecode.swift; path = SourceLinkView.swift; sourceTree = "<group>"; };
		722AD3F82A19854F00E74D3E /* FruitNutrientsView.swift */ = {isa = PBXFileReference; lastKnownFileType = sourcecode.swift; path = FruitNutrientsView.swift; sourceTree = "<group>"; };
		722AD3FA2A198A9700E74D3E /* SettingsView.swift */ = {isa = PBXFileReference; lastKnownFileType = sourcecode.swift; path = SettingsView.swift; sourceTree = "<group>"; };
		722AD3FC2A198CC600E74D3E /* SettingsLabelView.swift */ = {isa = PBXFileReference; lastKnownFileType = sourcecode.swift; path = SettingsLabelView.swift; sourceTree = "<group>"; };
		722AD3FE2A1990FD00E74D3E /* SettingsRowView.swift */ = {isa = PBXFileReference; lastKnownFileType = sourcecode.swift; path = SettingsRowView.swift; sourceTree = "<group>"; };
		722AD4002A1995A500E74D3E /* SettingsCustomizationView.swift */ = {isa = PBXFileReference; lastKnownFileType = sourcecode.swift; path = SettingsCustomizationView.swift; sourceTree = "<group>"; };
		722AD4042A19982000E74D3E /* SettingsLogoView.swift */ = {isa = PBXFileReference; lastKnownFileType = sourcecode.swift; path = SettingsLogoView.swift; sourceTree = "<group>"; };
		722AD4062A19984100E74D3E /* SettingsDeveloperView.swift */ = {isa = PBXFileReference; lastKnownFileType = sourcecode.swift; path = SettingsDeveloperView.swift; sourceTree = "<group>"; };
		7247804D2A15B0A80071747C /* Fructus.app */ = {isa = PBXFileReference; explicitFileType = wrapper.application; includeInIndex = 0; path = Fructus.app; sourceTree = BUILT_PRODUCTS_DIR; };
		724780502A15B0A80071747C /* FructusApp.swift */ = {isa = PBXFileReference; lastKnownFileType = sourcecode.swift; path = FructusApp.swift; sourceTree = "<group>"; };
		724780522A15B0A80071747C /* FruitContentView.swift */ = {isa = PBXFileReference; lastKnownFileType = sourcecode.swift; path = FruitContentView.swift; sourceTree = "<group>"; };
		724780542A15B0AA0071747C /* Assets.xcassets */ = {isa = PBXFileReference; lastKnownFileType = folder.assetcatalog; path = Assets.xcassets; sourceTree = "<group>"; };
		724780572A15B0AA0071747C /* Preview Assets.xcassets */ = {isa = PBXFileReference; lastKnownFileType = folder.assetcatalog; path = "Preview Assets.xcassets"; sourceTree = "<group>"; };
		724780602A15B2E60071747C /* FruitCardView.swift */ = {isa = PBXFileReference; lastKnownFileType = sourcecode.swift; path = FruitCardView.swift; sourceTree = "<group>"; };
		724780622A15B4490071747C /* StartButtonView.swift */ = {isa = PBXFileReference; lastKnownFileType = sourcecode.swift; path = StartButtonView.swift; sourceTree = "<group>"; };
		724780642A15B5640071747C /* OnboardingView.swift */ = {isa = PBXFileReference; lastKnownFileType = sourcecode.swift; path = OnboardingView.swift; sourceTree = "<group>"; };
		724780692A15B6020071747C /* FruitsModel.swift */ = {isa = PBXFileReference; lastKnownFileType = sourcecode.swift; path = FruitsModel.swift; sourceTree = "<group>"; };
		7247806E2A15B6D70071747C /* FruitsData.swift */ = {isa = PBXFileReference; lastKnownFileType = sourcecode.swift; path = FruitsData.swift; sourceTree = "<group>"; };
		724780702A15B8E30071747C /* FruitRowView.swift */ = {isa = PBXFileReference; lastKnownFileType = sourcecode.swift; path = FruitRowView.swift; sourceTree = "<group>"; };
/* End PBXFileReference section */

/* Begin PBXFrameworksBuildPhase section */
		7247804A2A15B0A80071747C /* Frameworks */ = {
			isa = PBXFrameworksBuildPhase;
			buildActionMask = 2147483647;
			files = (
			);
			runOnlyForDeploymentPostprocessing = 0;
		};
/* End PBXFrameworksBuildPhase section */

/* Begin PBXGroup section */
		722AD3F72A19840A00E74D3E /* DetailViews */ = {
			isa = PBXGroup;
			children = (
				722AD4032A1997FD00E74D3E /* Fruits */,
				722AD4022A1997DB00E74D3E /* Settings */,
			);
			path = DetailViews;
			sourceTree = "<group>";
		};
		722AD4022A1997DB00E74D3E /* Settings */ = {
			isa = PBXGroup;
			children = (
				722AD4002A1995A500E74D3E /* SettingsCustomizationView.swift */,
				722AD4062A19984100E74D3E /* SettingsDeveloperView.swift */,
				722AD3FC2A198CC600E74D3E /* SettingsLabelView.swift */,
				722AD4042A19982000E74D3E /* SettingsLogoView.swift */,
				722AD3FE2A1990FD00E74D3E /* SettingsRowView.swift */,
			);
			path = Settings;
			sourceTree = "<group>";
		};
		722AD4032A1997FD00E74D3E /* Fruits */ = {
			isa = PBXGroup;
			children = (
				724780602A15B2E60071747C /* FruitCardView.swift */,
				722AD3F32A1981FD00E74D3E /* FruitHeaderView.swift */,
				722AD3F82A19854F00E74D3E /* FruitNutrientsView.swift */,
				724780702A15B8E30071747C /* FruitRowView.swift */,
				724780622A15B4490071747C /* StartButtonView.swift */,
				722AD3F52A19840600E74D3E /* SourceLinkView.swift */,
			);
			path = Fruits;
			sourceTree = "<group>";
		};
		724780442A15B0A80071747C = {
			isa = PBXGroup;
			children = (
				7247804F2A15B0A80071747C /* Fructus */,
				7247804E2A15B0A80071747C /* Products */,
			);
			sourceTree = "<group>";
		};
		7247804E2A15B0A80071747C /* Products */ = {
			isa = PBXGroup;
			children = (
				7247804D2A15B0A80071747C /* Fructus.app */,
			);
			name = Products;
			sourceTree = "<group>";
		};
		7247804F2A15B0A80071747C /* Fructus */ = {
			isa = PBXGroup;
			children = (
				7247805E2A15B2A80071747C /* Views */,
				724780662A15B5700071747C /* Assets */,
				724780562A15B0AA0071747C /* Preview Content */,
			);
			path = Fructus;
			sourceTree = "<group>";
		};
		724780562A15B0AA0071747C /* Preview Content */ = {
			isa = PBXGroup;
			children = (
				724780572A15B0AA0071747C /* Preview Assets.xcassets */,
			);
			path = "Preview Content";
			sourceTree = "<group>";
		};
		7247805E2A15B2A80071747C /* Views */ = {
			isa = PBXGroup;
			children = (
				724780502A15B0A80071747C /* FructusApp.swift */,
				724780642A15B5640071747C /* OnboardingView.swift */,
				724780522A15B0A80071747C /* FruitContentView.swift */,
				722AD3F12A19808000E74D3E /* FruitDetailView.swift */,
				722AD3FA2A198A9700E74D3E /* SettingsView.swift */,
				722AD3F72A19840A00E74D3E /* DetailViews */,
			);
			path = Views;
			sourceTree = "<group>";
		};
		724780662A15B5700071747C /* Assets */ = {
			isa = PBXGroup;
			children = (
				724780542A15B0AA0071747C /* Assets.xcassets */,
				7247806D2A15B6320071747C /* Data */,
				7247806B2A15B60E0071747C /* Model */,
			);
			path = Assets;
			sourceTree = "<group>";
		};
		7247806B2A15B60E0071747C /* Model */ = {
			isa = PBXGroup;
			children = (
				724780692A15B6020071747C /* FruitsModel.swift */,
			);
			path = Model;
			sourceTree = "<group>";
		};
		7247806D2A15B6320071747C /* Data */ = {
			isa = PBXGroup;
			children = (
				7247806E2A15B6D70071747C /* FruitsData.swift */,
			);
			path = Data;
			sourceTree = "<group>";
		};
/* End PBXGroup section */

/* Begin PBXNativeTarget section */
		7247804C2A15B0A80071747C /* Fructus */ = {
			isa = PBXNativeTarget;
			buildConfigurationList = 7247805B2A15B0AA0071747C /* Build configuration list for PBXNativeTarget "Fructus" */;
			buildPhases = (
				724780492A15B0A80071747C /* Sources */,
				7247804A2A15B0A80071747C /* Frameworks */,
				7247804B2A15B0A80071747C /* Resources */,
			);
			buildRules = (
			);
			dependencies = (
			);
			name = Fructus;
			productName = Fructus;
			productReference = 7247804D2A15B0A80071747C /* Fructus.app */;
			productType = "com.apple.product-type.application";
		};
/* End PBXNativeTarget section */

/* Begin PBXProject section */
		724780452A15B0A80071747C /* Project object */ = {
			isa = PBXProject;
			attributes = {
				BuildIndependentTargetsInParallel = 1;
				LastSwiftUpdateCheck = 1500;
				LastUpgradeCheck = 1500;
				TargetAttributes = {
					7247804C2A15B0A80071747C = {
						CreatedOnToolsVersion = 15.0;
					};
				};
			};
			buildConfigurationList = 724780482A15B0A80071747C /* Build configuration list for PBXProject "Fructus" */;
			compatibilityVersion = "Xcode 14.0";
			developmentRegion = en;
			hasScannedForEncodings = 0;
			knownRegions = (
				en,
				Base,
			);
			mainGroup = 724780442A15B0A80071747C;
			productRefGroup = 7247804E2A15B0A80071747C /* Products */;
			projectDirPath = "";
			projectRoot = "";
			targets = (
				7247804C2A15B0A80071747C /* Fructus */,
			);
		};
/* End PBXProject section */

/* Begin PBXResourcesBuildPhase section */
		7247804B2A15B0A80071747C /* Resources */ = {
			isa = PBXResourcesBuildPhase;
			buildActionMask = 2147483647;
			files = (
				724780582A15B0AA0071747C /* Preview Assets.xcassets in Resources */,
				724780552A15B0AA0071747C /* Assets.xcassets in Resources */,
			);
			runOnlyForDeploymentPostprocessing = 0;
		};
/* End PBXResourcesBuildPhase section */

/* Begin PBXSourcesBuildPhase section */
		724780492A15B0A80071747C /* Sources */ = {
			isa = PBXSourcesBuildPhase;
			buildActionMask = 2147483647;
			files = (
				724780612A15B2E60071747C /* FruitCardView.swift in Sources */,
				722AD3F62A19840600E74D3E /* SourceLinkView.swift in Sources */,
				722AD4072A19984100E74D3E /* SettingsDeveloperView.swift in Sources */,
				722AD3FF2A1990FD00E74D3E /* SettingsRowView.swift in Sources */,
				724780632A15B4490071747C /* StartButtonView.swift in Sources */,
				724780712A15B8E30071747C /* FruitRowView.swift in Sources */,
				722AD4052A19982000E74D3E /* SettingsLogoView.swift in Sources */,
				722AD3F92A19854F00E74D3E /* FruitNutrientsView.swift in Sources */,
				7247806A2A15B6020071747C /* FruitsModel.swift in Sources */,
				722AD3F22A19808000E74D3E /* FruitDetailView.swift in Sources */,
				724780532A15B0A80071747C /* FruitContentView.swift in Sources */,
				722AD3F42A1981FD00E74D3E /* FruitHeaderView.swift in Sources */,
				7247806F2A15B6D70071747C /* FruitsData.swift in Sources */,
				722AD3FD2A198CC600E74D3E /* SettingsLabelView.swift in Sources */,
				724780652A15B5640071747C /* OnboardingView.swift in Sources */,
				724780512A15B0A80071747C /* FructusApp.swift in Sources */,
				722AD3FB2A198A9700E74D3E /* SettingsView.swift in Sources */,
				722AD4012A1995A500E74D3E /* SettingsCustomizationView.swift in Sources */,
			);
			runOnlyForDeploymentPostprocessing = 0;
		};
/* End PBXSourcesBuildPhase section */

/* Begin XCBuildConfiguration section */
		724780592A15B0AA0071747C /* Debug */ = {
			isa = XCBuildConfiguration;
			buildSettings = {
				ALWAYS_SEARCH_USER_PATHS = NO;
				CLANG_ANALYZER_NONNULL = YES;
				CLANG_ANALYZER_NUMBER_OBJECT_CONVERSION = YES_AGGRESSIVE;
				CLANG_CXX_LANGUAGE_STANDARD = "gnu++20";
				CLANG_ENABLE_MODULES = YES;
				CLANG_ENABLE_OBJC_ARC = YES;
				CLANG_ENABLE_OBJC_WEAK = YES;
				CLANG_WARN_BLOCK_CAPTURE_AUTORELEASING = YES;
				CLANG_WARN_BOOL_CONVERSION = YES;
				CLANG_WARN_COMMA = YES;
				CLANG_WARN_CONSTANT_CONVERSION = YES;
				CLANG_WARN_DEPRECATED_OBJC_IMPLEMENTATIONS = YES;
				CLANG_WARN_DIRECT_OBJC_ISA_USAGE = YES_ERROR;
				CLANG_WARN_DOCUMENTATION_COMMENTS = YES;
				CLANG_WARN_EMPTY_BODY = YES;
				CLANG_WARN_ENUM_CONVERSION = YES;
				CLANG_WARN_INFINITE_RECURSION = YES;
				CLANG_WARN_INT_CONVERSION = YES;
				CLANG_WARN_NON_LITERAL_NULL_CONVERSION = YES;
				CLANG_WARN_OBJC_IMPLICIT_RETAIN_SELF = YES;
				CLANG_WARN_OBJC_LITERAL_CONVERSION = YES;
				CLANG_WARN_OBJC_ROOT_CLASS = YES_ERROR;
				CLANG_WARN_QUOTED_INCLUDE_IN_FRAMEWORK_HEADER = YES;
				CLANG_WARN_RANGE_LOOP_ANALYSIS = YES;
				CLANG_WARN_STRICT_PROTOTYPES = YES;
				CLANG_WARN_SUSPICIOUS_MOVE = YES;
				CLANG_WARN_UNGUARDED_AVAILABILITY = YES_AGGRESSIVE;
				CLANG_WARN_UNREACHABLE_CODE = YES;
				CLANG_WARN__DUPLICATE_METHOD_MATCH = YES;
				COPY_PHASE_STRIP = NO;
				DEBUG_INFORMATION_FORMAT = dwarf;
				ENABLE_STRICT_OBJC_MSGSEND = YES;
				ENABLE_TESTABILITY = YES;
				ENABLE_USER_SCRIPT_SANDBOXING = YES;
				GCC_C_LANGUAGE_STANDARD = gnu11;
				GCC_DYNAMIC_NO_PIC = NO;
				GCC_NO_COMMON_BLOCKS = YES;
				GCC_OPTIMIZATION_LEVEL = 0;
				GCC_PREPROCESSOR_DEFINITIONS = (
					"DEBUG=1",
					"$(inherited)",
				);
				GCC_WARN_64_TO_32_BIT_CONVERSION = YES;
				GCC_WARN_ABOUT_RETURN_TYPE = YES_ERROR;
				GCC_WARN_UNDECLARED_SELECTOR = YES;
				GCC_WARN_UNINITIALIZED_AUTOS = YES_AGGRESSIVE;
				GCC_WARN_UNUSED_FUNCTION = YES;
				GCC_WARN_UNUSED_VARIABLE = YES;
				IPHONEOS_DEPLOYMENT_TARGET = 17.0;
				MTL_ENABLE_DEBUG_INFO = INCLUDE_SOURCE;
				MTL_FAST_MATH = YES;
				ONLY_ACTIVE_ARCH = YES;
				SDKROOT = iphoneos;
				SWIFT_ACTIVE_COMPILATION_CONDITIONS = DEBUG;
				SWIFT_OPTIMIZATION_LEVEL = "-Onone";
			};
			name = Debug;
		};
		7247805A2A15B0AA0071747C /* Release */ = {
			isa = XCBuildConfiguration;
			buildSettings = {
				ALWAYS_SEARCH_USER_PATHS = NO;
				CLANG_ANALYZER_NONNULL = YES;
				CLANG_ANALYZER_NUMBER_OBJECT_CONVERSION = YES_AGGRESSIVE;
				CLANG_CXX_LANGUAGE_STANDARD = "gnu++20";
				CLANG_ENABLE_MODULES = YES;
				CLANG_ENABLE_OBJC_ARC = YES;
				CLANG_ENABLE_OBJC_WEAK = YES;
				CLANG_WARN_BLOCK_CAPTURE_AUTORELEASING = YES;
				CLANG_WARN_BOOL_CONVERSION = YES;
				CLANG_WARN_COMMA = YES;
				CLANG_WARN_CONSTANT_CONVERSION = YES;
				CLANG_WARN_DEPRECATED_OBJC_IMPLEMENTATIONS = YES;
				CLANG_WARN_DIRECT_OBJC_ISA_USAGE = YES_ERROR;
				CLANG_WARN_DOCUMENTATION_COMMENTS = YES;
				CLANG_WARN_EMPTY_BODY = YES;
				CLANG_WARN_ENUM_CONVERSION = YES;
				CLANG_WARN_INFINITE_RECURSION = YES;
				CLANG_WARN_INT_CONVERSION = YES;
				CLANG_WARN_NON_LITERAL_NULL_CONVERSION = YES;
				CLANG_WARN_OBJC_IMPLICIT_RETAIN_SELF = YES;
				CLANG_WARN_OBJC_LITERAL_CONVERSION = YES;
				CLANG_WARN_OBJC_ROOT_CLASS = YES_ERROR;
				CLANG_WARN_QUOTED_INCLUDE_IN_FRAMEWORK_HEADER = YES;
				CLANG_WARN_RANGE_LOOP_ANALYSIS = YES;
				CLANG_WARN_STRICT_PROTOTYPES = YES;
				CLANG_WARN_SUSPICIOUS_MOVE = YES;
				CLANG_WARN_UNGUARDED_AVAILABILITY = YES_AGGRESSIVE;
				CLANG_WARN_UNREACHABLE_CODE = YES;
				CLANG_WARN__DUPLICATE_METHOD_MATCH = YES;
				COPY_PHASE_STRIP = NO;
				DEBUG_INFORMATION_FORMAT = "dwarf-with-dsym";
				ENABLE_NS_ASSERTIONS = NO;
				ENABLE_STRICT_OBJC_MSGSEND = YES;
				ENABLE_USER_SCRIPT_SANDBOXING = YES;
				GCC_C_LANGUAGE_STANDARD = gnu11;
				GCC_NO_COMMON_BLOCKS = YES;
				GCC_WARN_64_TO_32_BIT_CONVERSION = YES;
				GCC_WARN_ABOUT_RETURN_TYPE = YES_ERROR;
				GCC_WARN_UNDECLARED_SELECTOR = YES;
				GCC_WARN_UNINITIALIZED_AUTOS = YES_AGGRESSIVE;
				GCC_WARN_UNUSED_FUNCTION = YES;
				GCC_WARN_UNUSED_VARIABLE = YES;
				IPHONEOS_DEPLOYMENT_TARGET = 17.0;
				MTL_ENABLE_DEBUG_INFO = NO;
				MTL_FAST_MATH = YES;
				SDKROOT = iphoneos;
				SWIFT_COMPILATION_MODE = wholemodule;
				SWIFT_OPTIMIZATION_LEVEL = "-O";
				VALIDATE_PRODUCT = YES;
			};
			name = Release;
		};
		7247805C2A15B0AA0071747C /* Debug */ = {
			isa = XCBuildConfiguration;
			buildSettings = {
				ASSETCATALOG_COMPILER_APPICON_NAME = AppIcon;
				ASSETCATALOG_COMPILER_GLOBAL_ACCENT_COLOR_NAME = AccentColor;
				CODE_SIGN_STYLE = Automatic;
				CURRENT_PROJECT_VERSION = 1;
				DEVELOPMENT_ASSET_PATHS = "\"Fructus/Preview Content\"";
				DEVELOPMENT_TEAM = 3TZ48YZ6N3;
				ENABLE_PREVIEWS = YES;
				GENERATE_INFOPLIST_FILE = YES;
				INFOPLIST_KEY_UIApplicationSceneManifest_Generation = YES;
				INFOPLIST_KEY_UIApplicationSupportsIndirectInputEvents = YES;
				INFOPLIST_KEY_UILaunchScreen_Generation = YES;
				INFOPLIST_KEY_UISupportedInterfaceOrientations = UIInterfaceOrientationPortrait;
				LD_RUNPATH_SEARCH_PATHS = (
					"$(inherited)",
					"@executable_path/Frameworks",
				);
				MARKETING_VERSION = 1.0;
				PRODUCT_BUNDLE_IDENTIFIER = com.nataliealvarez.Fructus;
				PRODUCT_NAME = "$(TARGET_NAME)";
				SWIFT_EMIT_LOC_STRINGS = YES;
				SWIFT_VERSION = 5.0;
				TARGETED_DEVICE_FAMILY = "1,2";
			};
			name = Debug;
		};
		7247805D2A15B0AA0071747C /* Release */ = {
			isa = XCBuildConfiguration;
			buildSettings = {
				ASSETCATALOG_COMPILER_APPICON_NAME = AppIcon;
				ASSETCATALOG_COMPILER_GLOBAL_ACCENT_COLOR_NAME = AccentColor;
				CODE_SIGN_STYLE = Automatic;
				CURRENT_PROJECT_VERSION = 1;
				DEVELOPMENT_ASSET_PATHS = "\"Fructus/Preview Content\"";
				DEVELOPMENT_TEAM = 3TZ48YZ6N3;
				ENABLE_PREVIEWS = YES;
				GENERATE_INFOPLIST_FILE = YES;
				INFOPLIST_KEY_UIApplicationSceneManifest_Generation = YES;
				INFOPLIST_KEY_UIApplicationSupportsIndirectInputEvents = YES;
				INFOPLIST_KEY_UILaunchScreen_Generation = YES;
				INFOPLIST_KEY_UISupportedInterfaceOrientations = UIInterfaceOrientationPortrait;
				LD_RUNPATH_SEARCH_PATHS = (
					"$(inherited)",
					"@executable_path/Frameworks",
				);
				MARKETING_VERSION = 1.0;
				PRODUCT_BUNDLE_IDENTIFIER = com.nataliealvarez.Fructus;
				PRODUCT_NAME = "$(TARGET_NAME)";
				SWIFT_EMIT_LOC_STRINGS = YES;
				SWIFT_VERSION = 5.0;
				TARGETED_DEVICE_FAMILY = "1,2";
			};
			name = Release;
		};
/* End XCBuildConfiguration section */

/* Begin XCConfigurationList section */
		724780482A15B0A80071747C /* Build configuration list for PBXProject "Fructus" */ = {
			isa = XCConfigurationList;
			buildConfigurations = (
				724780592A15B0AA0071747C /* Debug */,
				7247805A2A15B0AA0071747C /* Release */,
			);
			defaultConfigurationIsVisible = 0;
			defaultConfigurationName = Release;
		};
		7247805B2A15B0AA0071747C /* Build configuration list for PBXNativeTarget "Fructus" */ = {
			isa = XCConfigurationList;
			buildConfigurations = (
				7247805C2A15B0AA0071747C /* Debug */,
				7247805D2A15B0AA0071747C /* Release */,
			);
			defaultConfigurationIsVisible = 0;
			defaultConfigurationName = Release;
		};
/* End XCConfigurationList section */
	};
	rootObject = 724780452A15B0A80071747C /* Project object */;
}
