// !$*UTF8*$!
{
	archiveVersion = 1;
	classes = {
	};
	objectVersion = 56;
	objects = {

/* Begin PBXBuildFile section */
		725DB2202A2AC12300D39198 /* DevoteApp.swift in Sources */ = {isa = PBXBuildFile; fileRef = 725DB21F2A2AC12300D39198 /* DevoteApp.swift */; };
		725DB2222A2AC12300D39198 /* MainView.swift in Sources */ = {isa = PBXBuildFile; fileRef = 725DB2212A2AC12300D39198 /* MainView.swift */; };
		725DB2242A2AC12400D39198 /* Assets.xcassets in Resources */ = {isa = PBXBuildFile; fileRef = 725DB2232A2AC12400D39198 /* Assets.xcassets */; };
		725DB2272A2AC12400D39198 /* Preview Assets.xcassets in Resources */ = {isa = PBXBuildFile; fileRef = 725DB2262A2AC12400D39198 /* Preview Assets.xcassets */; };
		725DB2292A2AC12400D39198 /* Persistence.swift in Sources */ = {isa = PBXBuildFile; fileRef = 725DB2282A2AC12400D39198 /* Persistence.swift */; };
		725DB22C2A2AC12400D39198 /* Devote.xcdatamodeld in Sources */ = {isa = PBXBuildFile; fileRef = 725DB22A2A2AC12400D39198 /* Devote.xcdatamodeld */; };
		725DB2362A2AC16C00D39198 /* sound-ding.mp3 in Resources */ = {isa = PBXBuildFile; fileRef = 725DB2332A2AC16C00D39198 /* sound-ding.mp3 */; };
		725DB2372A2AC16C00D39198 /* sound-tap.mp3 in Resources */ = {isa = PBXBuildFile; fileRef = 725DB2342A2AC16C00D39198 /* sound-tap.mp3 */; };
		725DB2382A2AC16C00D39198 /* sound-rise.mp3 in Resources */ = {isa = PBXBuildFile; fileRef = 725DB2352A2AC16C00D39198 /* sound-rise.mp3 */; };
		725DB2412A2AC8E300D39198 /* Constant.swift in Sources */ = {isa = PBXBuildFile; fileRef = 725DB2402A2AC8E300D39198 /* Constant.swift */; };
		725DB2452A2ACD1800D39198 /* HideKeyboardExtension.swift in Sources */ = {isa = PBXBuildFile; fileRef = 725DB2442A2ACD1800D39198 /* HideKeyboardExtension.swift */; };
		727E9BC22A3650AE00B3E956 /* Assets.xcassets in Resources */ = {isa = PBXBuildFile; fileRef = 725DB2232A2AC12400D39198 /* Assets.xcassets */; };
		727E9BC32A36510B00B3E956 /* Constant.swift in Sources */ = {isa = PBXBuildFile; fileRef = 725DB2402A2AC8E300D39198 /* Constant.swift */; };
		728F61F02A313C3500E27CD7 /* BackgroundImageView.swift in Sources */ = {isa = PBXBuildFile; fileRef = 728F61EF2A313C3500E27CD7 /* BackgroundImageView.swift */; };
		728F61F22A313F1D00E27CD7 /* NewTaskItemView.swift in Sources */ = {isa = PBXBuildFile; fileRef = 728F61F12A313F1D00E27CD7 /* NewTaskItemView.swift */; };
		728F61F42A31475F00E27CD7 /* TaskListView.swift in Sources */ = {isa = PBXBuildFile; fileRef = 728F61F32A31475F00E27CD7 /* TaskListView.swift */; };
		728F61F72A31483900E27CD7 /* NewTaskButton.swift in Sources */ = {isa = PBXBuildFile; fileRef = 728F61F62A31483900E27CD7 /* NewTaskButton.swift */; };
		728F61F92A314D8000E27CD7 /* BlankView.swift in Sources */ = {isa = PBXBuildFile; fileRef = 728F61F82A314D8000E27CD7 /* BlankView.swift */; };
		728F61FB2A315D5700E27CD7 /* HeaderView.swift in Sources */ = {isa = PBXBuildFile; fileRef = 728F61FA2A315D5700E27CD7 /* HeaderView.swift */; };
		728F61FD2A32559800E27CD7 /* TaskListRowView.swift in Sources */ = {isa = PBXBuildFile; fileRef = 728F61FC2A32559800E27CD7 /* TaskListRowView.swift */; };
		728F62002A32576900E27CD7 /* CheckboxStyle.swift in Sources */ = {isa = PBXBuildFile; fileRef = 728F61FF2A32576900E27CD7 /* CheckboxStyle.swift */; };
		728F62032A325BF700E27CD7 /* SoundPlayer.swift in Sources */ = {isa = PBXBuildFile; fileRef = 728F62022A325BF700E27CD7 /* SoundPlayer.swift */; };
		728F620B2A326FA500E27CD7 /* WidgetKit.framework in Frameworks */ = {isa = PBXBuildFile; fileRef = 728F620A2A326FA500E27CD7 /* WidgetKit.framework */; };
		728F620D2A326FA500E27CD7 /* SwiftUI.framework in Frameworks */ = {isa = PBXBuildFile; fileRef = 728F620C2A326FA500E27CD7 /* SwiftUI.framework */; };
		728F62102A326FA500E27CD7 /* DevoteWidgetBundle.swift in Sources */ = {isa = PBXBuildFile; fileRef = 728F620F2A326FA500E27CD7 /* DevoteWidgetBundle.swift */; };
		728F62122A326FA500E27CD7 /* DevoteWidget.swift in Sources */ = {isa = PBXBuildFile; fileRef = 728F62112A326FA500E27CD7 /* DevoteWidget.swift */; };
		728F62142A326FA600E27CD7 /* Assets.xcassets in Resources */ = {isa = PBXBuildFile; fileRef = 728F62132A326FA600E27CD7 /* Assets.xcassets */; };
		728F62182A326FA600E27CD7 /* DevoteWidgetExtension.appex in Embed Foundation Extensions */ = {isa = PBXBuildFile; fileRef = 728F62082A326FA500E27CD7 /* DevoteWidgetExtension.appex */; settings = {ATTRIBUTES = (RemoveHeadersOnCopy, ); }; };
/* End PBXBuildFile section */

/* Begin PBXContainerItemProxy section */
		728F62162A326FA600E27CD7 /* PBXContainerItemProxy */ = {
			isa = PBXContainerItemProxy;
			containerPortal = 725DB2142A2AC12300D39198 /* Project object */;
			proxyType = 1;
			remoteGlobalIDString = 728F62072A326FA500E27CD7;
			remoteInfo = DevoteWidgetExtension;
		};
/* End PBXContainerItemProxy section */

/* Begin PBXCopyFilesBuildPhase section */
		728F62192A326FA600E27CD7 /* Embed Foundation Extensions */ = {
			isa = PBXCopyFilesBuildPhase;
			buildActionMask = 2147483647;
			dstPath = "";
			dstSubfolderSpec = 13;
			files = (
				728F62182A326FA600E27CD7 /* DevoteWidgetExtension.appex in Embed Foundation Extensions */,
			);
			name = "Embed Foundation Extensions";
			runOnlyForDeploymentPostprocessing = 0;
		};
/* End PBXCopyFilesBuildPhase section */

/* Begin PBXFileReference section */
		725DB21C2A2AC12300D39198 /* Devote.app */ = {isa = PBXFileReference; explicitFileType = wrapper.application; includeInIndex = 0; path = Devote.app; sourceTree = BUILT_PRODUCTS_DIR; };
		725DB21F2A2AC12300D39198 /* DevoteApp.swift */ = {isa = PBXFileReference; lastKnownFileType = sourcecode.swift; path = DevoteApp.swift; sourceTree = "<group>"; };
		725DB2212A2AC12300D39198 /* MainView.swift */ = {isa = PBXFileReference; lastKnownFileType = sourcecode.swift; path = MainView.swift; sourceTree = "<group>"; };
		725DB2232A2AC12400D39198 /* Assets.xcassets */ = {isa = PBXFileReference; lastKnownFileType = folder.assetcatalog; path = Assets.xcassets; sourceTree = "<group>"; };
		725DB2262A2AC12400D39198 /* Preview Assets.xcassets */ = {isa = PBXFileReference; lastKnownFileType = folder.assetcatalog; path = "Preview Assets.xcassets"; sourceTree = "<group>"; };
		725DB2282A2AC12400D39198 /* Persistence.swift */ = {isa = PBXFileReference; lastKnownFileType = sourcecode.swift; path = Persistence.swift; sourceTree = "<group>"; };
		725DB22B2A2AC12400D39198 /* Devote.xcdatamodel */ = {isa = PBXFileReference; lastKnownFileType = wrapper.xcdatamodel; path = Devote.xcdatamodel; sourceTree = "<group>"; };
		725DB2332A2AC16C00D39198 /* sound-ding.mp3 */ = {isa = PBXFileReference; lastKnownFileType = audio.mp3; path = "sound-ding.mp3"; sourceTree = "<group>"; };
		725DB2342A2AC16C00D39198 /* sound-tap.mp3 */ = {isa = PBXFileReference; lastKnownFileType = audio.mp3; path = "sound-tap.mp3"; sourceTree = "<group>"; };
		725DB2352A2AC16C00D39198 /* sound-rise.mp3 */ = {isa = PBXFileReference; lastKnownFileType = audio.mp3; path = "sound-rise.mp3"; sourceTree = "<group>"; };
		725DB23A2A2AC19500D39198 /* Info.plist */ = {isa = PBXFileReference; lastKnownFileType = text.plist; path = Info.plist; sourceTree = "<group>"; };
		725DB2402A2AC8E300D39198 /* Constant.swift */ = {isa = PBXFileReference; lastKnownFileType = sourcecode.swift; path = Constant.swift; sourceTree = "<group>"; };
		725DB2442A2ACD1800D39198 /* HideKeyboardExtension.swift */ = {isa = PBXFileReference; lastKnownFileType = sourcecode.swift; path = HideKeyboardExtension.swift; sourceTree = "<group>"; };
		728F61EF2A313C3500E27CD7 /* BackgroundImageView.swift */ = {isa = PBXFileReference; lastKnownFileType = sourcecode.swift; path = BackgroundImageView.swift; sourceTree = "<group>"; };
		728F61F12A313F1D00E27CD7 /* NewTaskItemView.swift */ = {isa = PBXFileReference; lastKnownFileType = sourcecode.swift; path = NewTaskItemView.swift; sourceTree = "<group>"; };
		728F61F32A31475F00E27CD7 /* TaskListView.swift */ = {isa = PBXFileReference; lastKnownFileType = sourcecode.swift; path = TaskListView.swift; sourceTree = "<group>"; };
		728F61F62A31483900E27CD7 /* NewTaskButton.swift */ = {isa = PBXFileReference; lastKnownFileType = sourcecode.swift; path = NewTaskButton.swift; sourceTree = "<group>"; };
		728F61F82A314D8000E27CD7 /* BlankView.swift */ = {isa = PBXFileReference; lastKnownFileType = sourcecode.swift; path = BlankView.swift; sourceTree = "<group>"; };
		728F61FA2A315D5700E27CD7 /* HeaderView.swift */ = {isa = PBXFileReference; lastKnownFileType = sourcecode.swift; path = HeaderView.swift; sourceTree = "<group>"; };
		728F61FC2A32559800E27CD7 /* TaskListRowView.swift */ = {isa = PBXFileReference; lastKnownFileType = sourcecode.swift; path = TaskListRowView.swift; sourceTree = "<group>"; };
		728F61FF2A32576900E27CD7 /* CheckboxStyle.swift */ = {isa = PBXFileReference; lastKnownFileType = sourcecode.swift; path = CheckboxStyle.swift; sourceTree = "<group>"; };
		728F62022A325BF700E27CD7 /* SoundPlayer.swift */ = {isa = PBXFileReference; lastKnownFileType = sourcecode.swift; path = SoundPlayer.swift; sourceTree = "<group>"; };
		728F62082A326FA500E27CD7 /* DevoteWidgetExtension.appex */ = {isa = PBXFileReference; explicitFileType = "wrapper.app-extension"; includeInIndex = 0; path = DevoteWidgetExtension.appex; sourceTree = BUILT_PRODUCTS_DIR; };
		728F620A2A326FA500E27CD7 /* WidgetKit.framework */ = {isa = PBXFileReference; lastKnownFileType = wrapper.framework; name = WidgetKit.framework; path = System/Library/Frameworks/WidgetKit.framework; sourceTree = SDKROOT; };
		728F620C2A326FA500E27CD7 /* SwiftUI.framework */ = {isa = PBXFileReference; lastKnownFileType = wrapper.framework; name = SwiftUI.framework; path = System/Library/Frameworks/SwiftUI.framework; sourceTree = SDKROOT; };
		728F620F2A326FA500E27CD7 /* DevoteWidgetBundle.swift */ = {isa = PBXFileReference; lastKnownFileType = sourcecode.swift; path = DevoteWidgetBundle.swift; sourceTree = "<group>"; };
		728F62112A326FA500E27CD7 /* DevoteWidget.swift */ = {isa = PBXFileReference; lastKnownFileType = sourcecode.swift; path = DevoteWidget.swift; sourceTree = "<group>"; };
		728F62132A326FA600E27CD7 /* Assets.xcassets */ = {isa = PBXFileReference; lastKnownFileType = folder.assetcatalog; path = Assets.xcassets; sourceTree = "<group>"; };
		728F62152A326FA600E27CD7 /* Info.plist */ = {isa = PBXFileReference; lastKnownFileType = text.plist.xml; path = Info.plist; sourceTree = "<group>"; };
/* End PBXFileReference section */

/* Begin PBXFrameworksBuildPhase section */
		725DB2192A2AC12300D39198 /* Frameworks */ = {
			isa = PBXFrameworksBuildPhase;
			buildActionMask = 2147483647;
			files = (
			);
			runOnlyForDeploymentPostprocessing = 0;
		};
		728F62052A326FA500E27CD7 /* Frameworks */ = {
			isa = PBXFrameworksBuildPhase;
			buildActionMask = 2147483647;
			files = (
				728F620D2A326FA500E27CD7 /* SwiftUI.framework in Frameworks */,
				728F620B2A326FA500E27CD7 /* WidgetKit.framework in Frameworks */,
			);
			runOnlyForDeploymentPostprocessing = 0;
		};
/* End PBXFrameworksBuildPhase section */

/* Begin PBXGroup section */
		725DB2132A2AC12300D39198 = {
			isa = PBXGroup;
			children = (
				725DB21E2A2AC12300D39198 /* Devote */,
				728F620E2A326FA500E27CD7 /* DevoteWidget */,
				728F62092A326FA500E27CD7 /* Frameworks */,
				725DB21D2A2AC12300D39198 /* Products */,
			);
			sourceTree = "<group>";
		};
		725DB21D2A2AC12300D39198 /* Products */ = {
			isa = PBXGroup;
			children = (
				725DB21C2A2AC12300D39198 /* Devote.app */,
				728F62082A326FA500E27CD7 /* DevoteWidgetExtension.appex */,
			);
			name = Products;
			sourceTree = "<group>";
		};
		725DB21E2A2AC12300D39198 /* Devote */ = {
			isa = PBXGroup;
			children = (
				725DB23B2A2AC49E00D39198 /* CoreData */,
				725DB2432A2ACD0D00D39198 /* Extension */,
				725DB2322A2AC16400D39198 /* Sound */,
				728F61FE2A32575500E27CD7 /* Style */,
				725DB2422A2AC90200D39198 /* Utility */,
				725DB2392A2AC17100D39198 /* Views */,
				725DB2232A2AC12400D39198 /* Assets.xcassets */,
				725DB23A2A2AC19500D39198 /* Info.plist */,
				725DB2252A2AC12400D39198 /* Preview Content */,
			);
			path = Devote;
			sourceTree = "<group>";
		};
		725DB2252A2AC12400D39198 /* Preview Content */ = {
			isa = PBXGroup;
			children = (
				725DB2262A2AC12400D39198 /* Preview Assets.xcassets */,
			);
			path = "Preview Content";
			sourceTree = "<group>";
		};
		725DB2322A2AC16400D39198 /* Sound */ = {
			isa = PBXGroup;
			children = (
				725DB2332A2AC16C00D39198 /* sound-ding.mp3 */,
				725DB2352A2AC16C00D39198 /* sound-rise.mp3 */,
				725DB2342A2AC16C00D39198 /* sound-tap.mp3 */,
			);
			path = Sound;
			sourceTree = "<group>";
		};
		725DB2392A2AC17100D39198 /* Views */ = {
			isa = PBXGroup;
			children = (
				725DB21F2A2AC12300D39198 /* DevoteApp.swift */,
				728F61F52A31477900E27CD7 /* Main View */,
				728F62012A32594600E27CD7 /* NewTaskView */,
			);
			path = Views;
			sourceTree = "<group>";
		};
		725DB23B2A2AC49E00D39198 /* CoreData */ = {
			isa = PBXGroup;
			children = (
				725DB22A2A2AC12400D39198 /* Devote.xcdatamodeld */,
				725DB2282A2AC12400D39198 /* Persistence.swift */,
			);
			path = CoreData;
			sourceTree = "<group>";
		};
		725DB2422A2AC90200D39198 /* Utility */ = {
			isa = PBXGroup;
			children = (
				725DB2402A2AC8E300D39198 /* Constant.swift */,
				728F62022A325BF700E27CD7 /* SoundPlayer.swift */,
			);
			path = Utility;
			sourceTree = "<group>";
		};
		725DB2432A2ACD0D00D39198 /* Extension */ = {
			isa = PBXGroup;
			children = (
				725DB2442A2ACD1800D39198 /* HideKeyboardExtension.swift */,
			);
			path = Extension;
			sourceTree = "<group>";
		};
		728F61F52A31477900E27CD7 /* Main View */ = {
			isa = PBXGroup;
			children = (
				725DB2212A2AC12300D39198 /* MainView.swift */,
				728F61FA2A315D5700E27CD7 /* HeaderView.swift */,
				728F61EF2A313C3500E27CD7 /* BackgroundImageView.swift */,
				728F61F62A31483900E27CD7 /* NewTaskButton.swift */,
				728F61F32A31475F00E27CD7 /* TaskListView.swift */,
				728F61FC2A32559800E27CD7 /* TaskListRowView.swift */,
			);
			path = "Main View";
			sourceTree = "<group>";
		};
		728F61FE2A32575500E27CD7 /* Style */ = {
			isa = PBXGroup;
			children = (
				728F61FF2A32576900E27CD7 /* CheckboxStyle.swift */,
			);
			path = Style;
			sourceTree = "<group>";
		};
		728F62012A32594600E27CD7 /* NewTaskView */ = {
			isa = PBXGroup;
			children = (
				728F61F82A314D8000E27CD7 /* BlankView.swift */,
				728F61F12A313F1D00E27CD7 /* NewTaskItemView.swift */,
			);
			path = NewTaskView;
			sourceTree = "<group>";
		};
		728F62092A326FA500E27CD7 /* Frameworks */ = {
			isa = PBXGroup;
			children = (
				728F620A2A326FA500E27CD7 /* WidgetKit.framework */,
				728F620C2A326FA500E27CD7 /* SwiftUI.framework */,
			);
			name = Frameworks;
			sourceTree = "<group>";
		};
		728F620E2A326FA500E27CD7 /* DevoteWidget */ = {
			isa = PBXGroup;
			children = (
				728F62112A326FA500E27CD7 /* DevoteWidget.swift */,
				728F620F2A326FA500E27CD7 /* DevoteWidgetBundle.swift */,
				728F62132A326FA600E27CD7 /* Assets.xcassets */,
				728F62152A326FA600E27CD7 /* Info.plist */,
			);
			path = DevoteWidget;
			sourceTree = "<group>";
		};
/* End PBXGroup section */

/* Begin PBXNativeTarget section */
		725DB21B2A2AC12300D39198 /* Devote */ = {
			isa = PBXNativeTarget;
			buildConfigurationList = 725DB22F2A2AC12400D39198 /* Build configuration list for PBXNativeTarget "Devote" */;
			buildPhases = (
				725DB2182A2AC12300D39198 /* Sources */,
				725DB2192A2AC12300D39198 /* Frameworks */,
				725DB21A2A2AC12300D39198 /* Resources */,
				728F62192A326FA600E27CD7 /* Embed Foundation Extensions */,
			);
			buildRules = (
			);
			dependencies = (
				728F62172A326FA600E27CD7 /* PBXTargetDependency */,
			);
			name = Devote;
			productName = Devote;
			productReference = 725DB21C2A2AC12300D39198 /* Devote.app */;
			productType = "com.apple.product-type.application";
		};
		728F62072A326FA500E27CD7 /* DevoteWidgetExtension */ = {
			isa = PBXNativeTarget;
			buildConfigurationList = 728F621C2A326FA600E27CD7 /* Build configuration list for PBXNativeTarget "DevoteWidgetExtension" */;
			buildPhases = (
				728F62042A326FA500E27CD7 /* Sources */,
				728F62052A326FA500E27CD7 /* Frameworks */,
				728F62062A326FA500E27CD7 /* Resources */,
			);
			buildRules = (
			);
			dependencies = (
			);
			name = DevoteWidgetExtension;
			productName = DevoteWidgetExtension;
			productReference = 728F62082A326FA500E27CD7 /* DevoteWidgetExtension.appex */;
			productType = "com.apple.product-type.app-extension";
		};
/* End PBXNativeTarget section */

/* Begin PBXProject section */
		725DB2142A2AC12300D39198 /* Project object */ = {
			isa = PBXProject;
			attributes = {
				BuildIndependentTargetsInParallel = 1;
				LastSwiftUpdateCheck = 1500;
				LastUpgradeCheck = 1500;
				TargetAttributes = {
					725DB21B2A2AC12300D39198 = {
						CreatedOnToolsVersion = 15.0;
					};
					728F62072A326FA500E27CD7 = {
						CreatedOnToolsVersion = 15.0;
					};
				};
			};
			buildConfigurationList = 725DB2172A2AC12300D39198 /* Build configuration list for PBXProject "Devote" */;
			compatibilityVersion = "Xcode 14.0";
			developmentRegion = en;
			hasScannedForEncodings = 0;
			knownRegions = (
				en,
				Base,
			);
			mainGroup = 725DB2132A2AC12300D39198;
			productRefGroup = 725DB21D2A2AC12300D39198 /* Products */;
			projectDirPath = "";
			projectRoot = "";
			targets = (
				725DB21B2A2AC12300D39198 /* Devote */,
				728F62072A326FA500E27CD7 /* DevoteWidgetExtension */,
			);
		};
/* End PBXProject section */

/* Begin PBXResourcesBuildPhase section */
		725DB21A2A2AC12300D39198 /* Resources */ = {
			isa = PBXResourcesBuildPhase;
			buildActionMask = 2147483647;
			files = (
				725DB2382A2AC16C00D39198 /* sound-rise.mp3 in Resources */,
				725DB2272A2AC12400D39198 /* Preview Assets.xcassets in Resources */,
				725DB2242A2AC12400D39198 /* Assets.xcassets in Resources */,
				725DB2372A2AC16C00D39198 /* sound-tap.mp3 in Resources */,
				725DB2362A2AC16C00D39198 /* sound-ding.mp3 in Resources */,
			);
			runOnlyForDeploymentPostprocessing = 0;
		};
		728F62062A326FA500E27CD7 /* Resources */ = {
			isa = PBXResourcesBuildPhase;
			buildActionMask = 2147483647;
			files = (
				727E9BC22A3650AE00B3E956 /* Assets.xcassets in Resources */,
				728F62142A326FA600E27CD7 /* Assets.xcassets in Resources */,
			);
			runOnlyForDeploymentPostprocessing = 0;
		};
/* End PBXResourcesBuildPhase section */

/* Begin PBXSourcesBuildPhase section */
		725DB2182A2AC12300D39198 /* Sources */ = {
			isa = PBXSourcesBuildPhase;
			buildActionMask = 2147483647;
			files = (
				728F62002A32576900E27CD7 /* CheckboxStyle.swift in Sources */,
				725DB2292A2AC12400D39198 /* Persistence.swift in Sources */,
				728F61F72A31483900E27CD7 /* NewTaskButton.swift in Sources */,
				728F61F92A314D8000E27CD7 /* BlankView.swift in Sources */,
				728F61F02A313C3500E27CD7 /* BackgroundImageView.swift in Sources */,
				725DB2222A2AC12300D39198 /* MainView.swift in Sources */,
				728F61F42A31475F00E27CD7 /* TaskListView.swift in Sources */,
				725DB2452A2ACD1800D39198 /* HideKeyboardExtension.swift in Sources */,
				728F61FB2A315D5700E27CD7 /* HeaderView.swift in Sources */,
				725DB2412A2AC8E300D39198 /* Constant.swift in Sources */,
				728F62032A325BF700E27CD7 /* SoundPlayer.swift in Sources */,
				725DB22C2A2AC12400D39198 /* Devote.xcdatamodeld in Sources */,
				725DB2202A2AC12300D39198 /* DevoteApp.swift in Sources */,
				728F61FD2A32559800E27CD7 /* TaskListRowView.swift in Sources */,
				728F61F22A313F1D00E27CD7 /* NewTaskItemView.swift in Sources */,
			);
			runOnlyForDeploymentPostprocessing = 0;
		};
		728F62042A326FA500E27CD7 /* Sources */ = {
			isa = PBXSourcesBuildPhase;
			buildActionMask = 2147483647;
			files = (
				728F62122A326FA500E27CD7 /* DevoteWidget.swift in Sources */,
				728F62102A326FA500E27CD7 /* DevoteWidgetBundle.swift in Sources */,
				727E9BC32A36510B00B3E956 /* Constant.swift in Sources */,
			);
			runOnlyForDeploymentPostprocessing = 0;
		};
/* End PBXSourcesBuildPhase section */

/* Begin PBXTargetDependency section */
		728F62172A326FA600E27CD7 /* PBXTargetDependency */ = {
			isa = PBXTargetDependency;
			target = 728F62072A326FA500E27CD7 /* DevoteWidgetExtension */;
			targetProxy = 728F62162A326FA600E27CD7 /* PBXContainerItemProxy */;
		};
/* End PBXTargetDependency section */

/* Begin XCBuildConfiguration section */
		725DB22D2A2AC12400D39198 /* Debug */ = {
			isa = XCBuildConfiguration;
			buildSettings = {
				ALWAYS_SEARCH_USER_PATHS = NO;
				ASSETCATALOG_COMPILER_GENERATE_SWIFT_ASSET_SYMBOL_EXTENSIONS = YES;
				CLANG_ANALYZER_NONNULL = YES;
				CLANG_ANALYZER_NUMBER_OBJECT_CONVERSION = YES_AGGRESSIVE;
				CLANG_CXX_LANGUAGE_STANDARD = "gnu++20";
				CLANG_ENABLE_MODULES = YES;
				CLANG_ENABLE_OBJC_ARC = YES;
				CLANG_ENABLE_OBJC_WEAK = YES;
				CLANG_WARN_BLOCK_CAPTURE_AUTORELEASING = YES;
				CLANG_WARN_BOOL_CONVERSION = YES;
				CLANG_WARN_COMMA = YES;
				CLANG_WARN_CONSTANT_CONVERSION = YES;
				CLANG_WARN_DEPRECATED_OBJC_IMPLEMENTATIONS = YES;
				CLANG_WARN_DIRECT_OBJC_ISA_USAGE = YES_ERROR;
				CLANG_WARN_DOCUMENTATION_COMMENTS = YES;
				CLANG_WARN_EMPTY_BODY = YES;
				CLANG_WARN_ENUM_CONVERSION = YES;
				CLANG_WARN_INFINITE_RECURSION = YES;
				CLANG_WARN_INT_CONVERSION = YES;
				CLANG_WARN_NON_LITERAL_NULL_CONVERSION = YES;
				CLANG_WARN_OBJC_IMPLICIT_RETAIN_SELF = YES;
				CLANG_WARN_OBJC_LITERAL_CONVERSION = YES;
				CLANG_WARN_OBJC_ROOT_CLASS = YES_ERROR;
				CLANG_WARN_QUOTED_INCLUDE_IN_FRAMEWORK_HEADER = YES;
				CLANG_WARN_RANGE_LOOP_ANALYSIS = YES;
				CLANG_WARN_STRICT_PROTOTYPES = YES;
				CLANG_WARN_SUSPICIOUS_MOVE = YES;
				CLANG_WARN_UNGUARDED_AVAILABILITY = YES_AGGRESSIVE;
				CLANG_WARN_UNREACHABLE_CODE = YES;
				CLANG_WARN__DUPLICATE_METHOD_MATCH = YES;
				COPY_PHASE_STRIP = NO;
				DEBUG_INFORMATION_FORMAT = dwarf;
				ENABLE_STRICT_OBJC_MSGSEND = YES;
				ENABLE_TESTABILITY = YES;
				ENABLE_USER_SCRIPT_SANDBOXING = YES;
				GCC_C_LANGUAGE_STANDARD = gnu17;
				GCC_DYNAMIC_NO_PIC = NO;
				GCC_NO_COMMON_BLOCKS = YES;
				GCC_OPTIMIZATION_LEVEL = 0;
				GCC_PREPROCESSOR_DEFINITIONS = (
					"DEBUG=1",
					"$(inherited)",
				);
				GCC_WARN_64_TO_32_BIT_CONVERSION = YES;
				GCC_WARN_ABOUT_RETURN_TYPE = YES_ERROR;
				GCC_WARN_UNDECLARED_SELECTOR = YES;
				GCC_WARN_UNINITIALIZED_AUTOS = YES_AGGRESSIVE;
				GCC_WARN_UNUSED_FUNCTION = YES;
				GCC_WARN_UNUSED_VARIABLE = YES;
				IPHONEOS_DEPLOYMENT_TARGET = 17.0;
				LOCALIZATION_PREFERS_STRING_CATALOGS = YES;
				MTL_ENABLE_DEBUG_INFO = INCLUDE_SOURCE;
				MTL_FAST_MATH = YES;
				ONLY_ACTIVE_ARCH = YES;
				SDKROOT = iphoneos;
				SWIFT_ACTIVE_COMPILATION_CONDITIONS = "DEBUG $(inherited)";
				SWIFT_OPTIMIZATION_LEVEL = "-Onone";
			};
			name = Debug;
		};
		725DB22E2A2AC12400D39198 /* Release */ = {
			isa = XCBuildConfiguration;
			buildSettings = {
				ALWAYS_SEARCH_USER_PATHS = NO;
				ASSETCATALOG_COMPILER_GENERATE_SWIFT_ASSET_SYMBOL_EXTENSIONS = YES;
				CLANG_ANALYZER_NONNULL = YES;
				CLANG_ANALYZER_NUMBER_OBJECT_CONVERSION = YES_AGGRESSIVE;
				CLANG_CXX_LANGUAGE_STANDARD = "gnu++20";
				CLANG_ENABLE_MODULES = YES;
				CLANG_ENABLE_OBJC_ARC = YES;
				CLANG_ENABLE_OBJC_WEAK = YES;
				CLANG_WARN_BLOCK_CAPTURE_AUTORELEASING = YES;
				CLANG_WARN_BOOL_CONVERSION = YES;
				CLANG_WARN_COMMA = YES;
				CLANG_WARN_CONSTANT_CONVERSION = YES;
				CLANG_WARN_DEPRECATED_OBJC_IMPLEMENTATIONS = YES;
				CLANG_WARN_DIRECT_OBJC_ISA_USAGE = YES_ERROR;
				CLANG_WARN_DOCUMENTATION_COMMENTS = YES;
				CLANG_WARN_EMPTY_BODY = YES;
				CLANG_WARN_ENUM_CONVERSION = YES;
				CLANG_WARN_INFINITE_RECURSION = YES;
				CLANG_WARN_INT_CONVERSION = YES;
				CLANG_WARN_NON_LITERAL_NULL_CONVERSION = YES;
				CLANG_WARN_OBJC_IMPLICIT_RETAIN_SELF = YES;
				CLANG_WARN_OBJC_LITERAL_CONVERSION = YES;
				CLANG_WARN_OBJC_ROOT_CLASS = YES_ERROR;
				CLANG_WARN_QUOTED_INCLUDE_IN_FRAMEWORK_HEADER = YES;
				CLANG_WARN_RANGE_LOOP_ANALYSIS = YES;
				CLANG_WARN_STRICT_PROTOTYPES = YES;
				CLANG_WARN_SUSPICIOUS_MOVE = YES;
				CLANG_WARN_UNGUARDED_AVAILABILITY = YES_AGGRESSIVE;
				CLANG_WARN_UNREACHABLE_CODE = YES;
				CLANG_WARN__DUPLICATE_METHOD_MATCH = YES;
				COPY_PHASE_STRIP = NO;
				DEBUG_INFORMATION_FORMAT = "dwarf-with-dsym";
				ENABLE_NS_ASSERTIONS = NO;
				ENABLE_STRICT_OBJC_MSGSEND = YES;
				ENABLE_USER_SCRIPT_SANDBOXING = YES;
				GCC_C_LANGUAGE_STANDARD = gnu17;
				GCC_NO_COMMON_BLOCKS = YES;
				GCC_WARN_64_TO_32_BIT_CONVERSION = YES;
				GCC_WARN_ABOUT_RETURN_TYPE = YES_ERROR;
				GCC_WARN_UNDECLARED_SELECTOR = YES;
				GCC_WARN_UNINITIALIZED_AUTOS = YES_AGGRESSIVE;
				GCC_WARN_UNUSED_FUNCTION = YES;
				GCC_WARN_UNUSED_VARIABLE = YES;
				IPHONEOS_DEPLOYMENT_TARGET = 17.0;
				LOCALIZATION_PREFERS_STRING_CATALOGS = YES;
				MTL_ENABLE_DEBUG_INFO = NO;
				MTL_FAST_MATH = YES;
				SDKROOT = iphoneos;
				SWIFT_COMPILATION_MODE = wholemodule;
				VALIDATE_PRODUCT = YES;
			};
			name = Release;
		};
		725DB2302A2AC12400D39198 /* Debug */ = {
			isa = XCBuildConfiguration;
			buildSettings = {
				ALWAYS_EMBED_SWIFT_STANDARD_LIBRARIES = YES;
				ASSETCATALOG_COMPILER_APPICON_NAME = AppIcon;
				ASSETCATALOG_COMPILER_GLOBAL_ACCENT_COLOR_NAME = AccentColor;
				CODE_SIGN_STYLE = Automatic;
				CURRENT_PROJECT_VERSION = 1;
				DEVELOPMENT_ASSET_PATHS = "\"Devote/Preview Content\"";
				DEVELOPMENT_TEAM = 3TZ48YZ6N3;
				ENABLE_PREVIEWS = YES;
				GENERATE_INFOPLIST_FILE = YES;
				INFOPLIST_FILE = Devote/Info.plist;
				INFOPLIST_KEY_UIApplicationSceneManifest_Generation = YES;
				INFOPLIST_KEY_UIApplicationSupportsIndirectInputEvents = YES;
				INFOPLIST_KEY_UISupportedInterfaceOrientations = UIInterfaceOrientationPortrait;
				INFOPLIST_KEY_UISupportedInterfaceOrientations_iPad = "UIInterfaceOrientationPortrait UIInterfaceOrientationPortraitUpsideDown";
				IPHONEOS_DEPLOYMENT_TARGET = 17.0;
				LD_RUNPATH_SEARCH_PATHS = (
					"$(inherited)",
					"@executable_path/Frameworks",
				);
				MARKETING_VERSION = 1.0;
				PRODUCT_BUNDLE_IDENTIFIER = com.nataliealvarez.Devote;
				PRODUCT_NAME = "$(TARGET_NAME)";
				SWIFT_EMIT_LOC_STRINGS = YES;
				SWIFT_VERSION = 5.0;
				TARGETED_DEVICE_FAMILY = "1,2";
			};
			name = Debug;
		};
		725DB2312A2AC12400D39198 /* Release */ = {
			isa = XCBuildConfiguration;
			buildSettings = {
				ALWAYS_EMBED_SWIFT_STANDARD_LIBRARIES = YES;
				ASSETCATALOG_COMPILER_APPICON_NAME = AppIcon;
				ASSETCATALOG_COMPILER_GLOBAL_ACCENT_COLOR_NAME = AccentColor;
				CODE_SIGN_STYLE = Automatic;
				CURRENT_PROJECT_VERSION = 1;
				DEVELOPMENT_ASSET_PATHS = "\"Devote/Preview Content\"";
				DEVELOPMENT_TEAM = 3TZ48YZ6N3;
				ENABLE_PREVIEWS = YES;
				GENERATE_INFOPLIST_FILE = YES;
				INFOPLIST_FILE = Devote/Info.plist;
				INFOPLIST_KEY_UIApplicationSceneManifest_Generation = YES;
				INFOPLIST_KEY_UIApplicationSupportsIndirectInputEvents = YES;
				INFOPLIST_KEY_UISupportedInterfaceOrientations = UIInterfaceOrientationPortrait;
				INFOPLIST_KEY_UISupportedInterfaceOrientations_iPad = "UIInterfaceOrientationPortrait UIInterfaceOrientationPortraitUpsideDown";
				IPHONEOS_DEPLOYMENT_TARGET = 17.0;
				LD_RUNPATH_SEARCH_PATHS = (
					"$(inherited)",
					"@executable_path/Frameworks",
				);
				MARKETING_VERSION = 1.0;
				PRODUCT_BUNDLE_IDENTIFIER = com.nataliealvarez.Devote;
				PRODUCT_NAME = "$(TARGET_NAME)";
				SWIFT_EMIT_LOC_STRINGS = YES;
				SWIFT_VERSION = 5.0;
				TARGETED_DEVICE_FAMILY = "1,2";
			};
			name = Release;
		};
		728F621A2A326FA600E27CD7 /* Debug */ = {
			isa = XCBuildConfiguration;
			buildSettings = {
				ASSETCATALOG_COMPILER_GLOBAL_ACCENT_COLOR_NAME = AccentColor;
				ASSETCATALOG_COMPILER_WIDGET_BACKGROUND_COLOR_NAME = WidgetBackground;
				CODE_SIGN_STYLE = Automatic;
				CURRENT_PROJECT_VERSION = 1;
				DEVELOPMENT_TEAM = 3TZ48YZ6N3;
				GENERATE_INFOPLIST_FILE = YES;
				INFOPLIST_FILE = DevoteWidget/Info.plist;
				INFOPLIST_KEY_CFBundleDisplayName = DevoteWidget;
				INFOPLIST_KEY_NSHumanReadableCopyright = "";
				LD_RUNPATH_SEARCH_PATHS = (
					"$(inherited)",
					"@executable_path/Frameworks",
					"@executable_path/../../Frameworks",
				);
				MARKETING_VERSION = 1.0;
				PRODUCT_BUNDLE_IDENTIFIER = com.nataliealvarez.Devote.DevoteWidget;
				PRODUCT_NAME = "$(TARGET_NAME)";
				SKIP_INSTALL = YES;
				SWIFT_EMIT_LOC_STRINGS = YES;
				SWIFT_VERSION = 5.0;
				TARGETED_DEVICE_FAMILY = "1,2";
			};
			name = Debug;
		};
		728F621B2A326FA600E27CD7 /* Release */ = {
			isa = XCBuildConfiguration;
			buildSettings = {
				ASSETCATALOG_COMPILER_GLOBAL_ACCENT_COLOR_NAME = AccentColor;
				ASSETCATALOG_COMPILER_WIDGET_BACKGROUND_COLOR_NAME = WidgetBackground;
				CODE_SIGN_STYLE = Automatic;
				CURRENT_PROJECT_VERSION = 1;
				DEVELOPMENT_TEAM = 3TZ48YZ6N3;
				GENERATE_INFOPLIST_FILE = YES;
				INFOPLIST_FILE = DevoteWidget/Info.plist;
				INFOPLIST_KEY_CFBundleDisplayName = DevoteWidget;
				INFOPLIST_KEY_NSHumanReadableCopyright = "";
				LD_RUNPATH_SEARCH_PATHS = (
					"$(inherited)",
					"@executable_path/Frameworks",
					"@executable_path/../../Frameworks",
				);
				MARKETING_VERSION = 1.0;
				PRODUCT_BUNDLE_IDENTIFIER = com.nataliealvarez.Devote.DevoteWidget;
				PRODUCT_NAME = "$(TARGET_NAME)";
				SKIP_INSTALL = YES;
				SWIFT_EMIT_LOC_STRINGS = YES;
				SWIFT_VERSION = 5.0;
				TARGETED_DEVICE_FAMILY = "1,2";
			};
			name = Release;
		};
/* End XCBuildConfiguration section */

/* Begin XCConfigurationList section */
		725DB2172A2AC12300D39198 /* Build configuration list for PBXProject "Devote" */ = {
			isa = XCConfigurationList;
			buildConfigurations = (
				725DB22D2A2AC12400D39198 /* Debug */,
				725DB22E2A2AC12400D39198 /* Release */,
			);
			defaultConfigurationIsVisible = 0;
			defaultConfigurationName = Release;
		};
		725DB22F2A2AC12400D39198 /* Build configuration list for PBXNativeTarget "Devote" */ = {
			isa = XCConfigurationList;
			buildConfigurations = (
				725DB2302A2AC12400D39198 /* Debug */,
				725DB2312A2AC12400D39198 /* Release */,
			);
			defaultConfigurationIsVisible = 0;
			defaultConfigurationName = Release;
		};
		728F621C2A326FA600E27CD7 /* Build configuration list for PBXNativeTarget "DevoteWidgetExtension" */ = {
			isa = XCConfigurationList;
			buildConfigurations = (
				728F621A2A326FA600E27CD7 /* Debug */,
				728F621B2A326FA600E27CD7 /* Release */,
			);
			defaultConfigurationIsVisible = 0;
			defaultConfigurationName = Release;
		};
/* End XCConfigurationList section */

/* Begin XCVersionGroup section */
		725DB22A2A2AC12400D39198 /* Devote.xcdatamodeld */ = {
			isa = XCVersionGroup;
			children = (
				725DB22B2A2AC12400D39198 /* Devote.xcdatamodel */,
			);
			currentVersion = 725DB22B2A2AC12400D39198 /* Devote.xcdatamodel */;
			path = Devote.xcdatamodeld;
			sourceTree = "<group>";
			versionGroupType = wrapper.xcdatamodel;
		};
/* End XCVersionGroup section */
	};
	rootObject = 725DB2142A2AC12300D39198 /* Project object */;
}
